
Microsoft Visual Studio Solution File, Format Version 12.00
# Visual Studio 15
VisualStudioVersion = 15.0.26730.16
MinimumVisualStudioVersion = 10.0.40219.1
Project("{8BC9CEB8-8B4A-11D0-8D11-00A0C91BC942}") = "HapTest", "HapTest\HapTest.vcxproj", "{07C16A39-4F15-410A-9254-5330AE4E7886}"
EndProject
Global
	GlobalSection(SolutionConfigurationPlatforms) = preSolution
		Debug|x64 = Debug|x64
		Debug|x86 = Debug|x86
		Release|x64 = Release|x64
		Release|x86 = Release|x86
	EndGlobalSection
	GlobalSection(ProjectConfigurationPlatforms) = postSolution
		{07C16A39-4F15-410A-9254-5330AE4E7886}.Debug|x64.ActiveCfg = Debug|x64
		{07C16A39-4F15-410A-9254-5330AE4E7886}.Debug|x64.Build.0 = Debug|x64
		{07C16A39-4F15-410A-9254-5330AE4E7886}.Debug|x86.ActiveCfg = Debug|Win32
		{07C16A39-4F15-410A-9254-5330AE4E7886}.Debug|x86.Build.0 = Debug|Win32
		{07C16A39-4F15-410A-9254-5330AE4E7886}.Release|x64.ActiveCfg = Release|x64
		{07C16A39-4F15-410A-9254-5330AE4E7886}.Release|x64.Build.0 = Release|x64
		{07C16A39-4F15-410A-9254-5330AE4E7886}.Release|x86.ActiveCfg = Release|Win32
		{07C16A39-4F15-410A-9254-5330AE4E7886}.Release|x86.Build.0 = Release|Win32
	EndGlobalSection
	GlobalSection(SolutionProperties) = preSolution
		HideSolutionNode = FALSE
	EndGlobalSection
	GlobalSection(ExtensibilityGlobals) = postSolution
		SolutionGuid = {2D669F7E-DEF7-46DE-B9B2-CD23CECFE52C}
	EndGlobalSection
EndGlobal
