<?xml version="1.0" encoding="utf-8"?>
<Project ToolsVersion="4.0" xmlns="http://schemas.microsoft.com/developer/msbuild/2003">
  <ItemGroup>
    <Filter Include="Hap">
      <UniqueIdentifier>{01938fae-a108-4fda-aa5f-5161f7456ef7}</UniqueIdentifier>
    </Filter>
    <Filter Include="Win">
      <UniqueIdentifier>{b3f190d9-226d-4175-9708-87951c346c22}</UniqueIdentifier>
    </Filter>
    <Filter Include="Hap\srp">
      <UniqueIdentifier>{aac9186e-58a8-4be2-a7e0-ff23a7512f2c}</UniqueIdentifier>
    </Filter>
    <Filter Include="Hap\crypt">
      <UniqueIdentifier>{4f8fcd2a-e02e-41ea-b29c-5c703e7199db}</UniqueIdentifier>
    </Filter>
  </ItemGroup>
  <ItemGroup>
    <ClInclude Include="..\Hap\HapAppleCharacteristics.h">
      <Filter>Hap</Filter>
    </ClInclude>
    <ClInclude Include="..\Hap\HapAppleServices.h">
      <Filter>Hap</Filter>
    </ClInclude>
    <ClInclude Include="..\Hap\HapDb.h">
      <Filter>Hap</Filter>
    </ClInclude>
    <ClInclude Include="..\Hap\HapJson.h">
      <Filter>Hap</Filter>
    </ClInclude>
    <ClInclude Include="..\Hap\jsmn.h">
      <Filter>Hap</Filter>
    </ClInclude>
    <ClInclude Include="..\Hap\HapMdns.h">
      <Filter>Hap</Filter>
    </ClInclude>
    <ClInclude Include="..\Hap\HapTlv.h">
      <Filter>Hap</Filter>
    </ClInclude>
    <ClInclude Include="..\Hap\HapHttp.h">
      <Filter>Hap</Filter>
    </ClInclude>
    <ClInclude Include="..\Hap\picohttpparser.h">
      <Filter>Hap</Filter>
    </ClInclude>
    <ClInclude Include="..\Hap\HapTcp.h">
      <Filter>Hap</Filter>
    </ClInclude>
    <ClInclude Include="..\Hap\HapSrp.h">
      <Filter>Hap</Filter>
    </ClInclude>
    <ClInclude Include="..\Hap\srp\config.h">
      <Filter>Hap\srp</Filter>
    </ClInclude>
    <ClInclude Include="..\Hap\srp\cstr.h">
      <Filter>Hap\srp</Filter>
    </ClInclude>
    <ClInclude Include="..\Hap\srp\sha2.h">
      <Filter>Hap\srp</Filter>
    </ClInclude>
    <ClInclude Include="..\Hap\srp\srp.h">
      <Filter>Hap\srp</Filter>
    </ClInclude>
    <ClInclude Include="..\Hap\srp\srp_aux.h">
      <Filter>Hap\srp</Filter>
    </ClInclude>
    <ClInclude Include="..\Hap\srp\t_defines.h">
      <Filter>Hap\srp</Filter>
    </ClInclude>
    <ClInclude Include="..\Hap\srp\t_sha.h">
      <Filter>Hap\srp</Filter>
    </ClInclude>
    <ClInclude Include="..\Hap\srp\tommath.h">
      <Filter>Hap\srp</Filter>
    </ClInclude>
    <ClInclude Include="..\Hap\srp\tommath_class.h">
      <Filter>Hap\srp</Filter>
    </ClInclude>
    <ClInclude Include="..\Hap\srp\tommath_private.h">
      <Filter>Hap\srp</Filter>
    </ClInclude>
    <ClInclude Include="..\Hap\srp\tommath_superclass.h">
      <Filter>Hap\srp</Filter>
    </ClInclude>
    <ClInclude Include="..\Hap\Hap.h">
      <Filter>Hap</Filter>
    </ClInclude>
    <ClInclude Include="..\Hap\crypt\chacha.h">
      <Filter>Hap\crypt</Filter>
    </ClInclude>
    <ClInclude Include="..\Hap\crypt\ed25519.h">
      <Filter>Hap\crypt</Filter>
    </ClInclude>
    <ClInclude Include="..\Hap\crypt\ed25519_fe.h">
      <Filter>Hap\crypt</Filter>
    </ClInclude>
    <ClInclude Include="..\Hap\crypt\ed25519_fixedint.h">
      <Filter>Hap\crypt</Filter>
    </ClInclude>
    <ClInclude Include="..\Hap\crypt\ed25519_ge.h">
      <Filter>Hap\crypt</Filter>
    </ClInclude>
    <ClInclude Include="..\Hap\crypt\ed25519_precomp_data.h">
      <Filter>Hap\crypt</Filter>
    </ClInclude>
    <ClInclude Include="..\Hap\crypt\ed25519_sc.h">
      <Filter>Hap\crypt</Filter>
    </ClInclude>
    <ClInclude Include="..\Hap\crypt\ed25519_sha512.h">
      <Filter>Hap\crypt</Filter>
    </ClInclude>
    <ClInclude Include="..\Hap\crypt\poly1305.h">
      <Filter>Hap\crypt</Filter>
    </ClInclude>
    <ClInclude Include="..\Hap\HapCrypt.h">
      <Filter>Hap</Filter>
    </ClInclude>
  </ItemGroup>
  <ItemGroup>
    <ClCompile Include="HapTest.cpp" />
    <ClCompile Include="..\Hap\HapDb.cpp">
      <Filter>Hap</Filter>
    </ClCompile>
    <ClCompile Include="..\Hap\jsmn.cpp">
      <Filter>Hap</Filter>
    </ClCompile>
    <ClCompile Include="..\Win\HapMdns.cpp">
      <Filter>Win</Filter>
    </ClCompile>
    <ClCompile Include="..\Hap\picohttpparser.cpp">
      <Filter>Hap</Filter>
    </ClCompile>
    <ClCompile Include="..\Hap\HapHttp.cpp">
      <Filter>Hap</Filter>
    </ClCompile>
    <ClCompile Include="..\Win\HapTcp.cpp">
      <Filter>Win</Filter>
    </ClCompile>
    <ClCompile Include="..\Hap\HapSrp.cpp">
      <Filter>Hap</Filter>
    </ClCompile>
    <ClCompile Include="..\Hap\srp\cstr.c">
      <Filter>Hap\srp</Filter>
    </ClCompile>
    <ClCompile Include="..\Hap\srp\mpi.c">
      <Filter>Hap\srp</Filter>
    </ClCompile>
    <ClCompile Include="..\Hap\srp\sha2.c">
      <Filter>Hap\srp</Filter>
    </ClCompile>
    <ClCompile Include="..\Hap\srp\srp.c">
      <Filter>Hap\srp</Filter>
    </ClCompile>
    <ClCompile Include="..\Hap\srp\srp6_client.c">
      <Filter>Hap\srp</Filter>
    </ClCompile>
    <ClCompile Include="..\Hap\srp\srp6_server.c">
      <Filter>Hap\srp</Filter>
    </ClCompile>
    <ClCompile Include="..\Hap\srp\srptest.c">
      <Filter>Hap\srp</Filter>
    </ClCompile>
    <ClCompile Include="..\Hap\srp\t_math.c">
      <Filter>Hap\srp</Filter>
    </ClCompile>
    <ClCompile Include="..\..\..\ESP\msys32\home\gkaza\esp\hwp\main\hello_world_main.cpp" />
    <ClCompile Include="..\Hap\crypt\chacha-merged.c">
      <Filter>Hap\crypt</Filter>
    </ClCompile>
    <ClCompile Include="..\Hap\crypt\curve25519.c">
      <Filter>Hap\crypt</Filter>
    </ClCompile>
    <ClCompile Include="..\Hap\crypt\ed25519_fe.c">
      <Filter>Hap\crypt</Filter>
    </ClCompile>
    <ClCompile Include="..\Hap\crypt\ed25519_ge.c">
      <Filter>Hap\crypt</Filter>
    </ClCompile>
    <ClCompile Include="..\Hap\crypt\ed25519_keypair.c">
      <Filter>Hap\crypt</Filter>
    </ClCompile>
    <ClCompile Include="..\Hap\crypt\ed25519_sc.c">
      <Filter>Hap\crypt</Filter>
    </ClCompile>
    <ClCompile Include="..\Hap\crypt\ed25519_sha512.c">
      <Filter>Hap\crypt</Filter>
    </ClCompile>
    <ClCompile Include="..\Hap\crypt\ed25519_sign.c">
      <Filter>Hap\crypt</Filter>
    </ClCompile>
    <ClCompile Include="..\Hap\crypt\ed25519_verify.c">
      <Filter>Hap\crypt</Filter>
    </ClCompile>
    <ClCompile Include="..\Hap\crypt\poly1305-donna.c">
      <Filter>Hap\crypt</Filter>
    </ClCompile>
    <ClCompile Include="..\Hap\HapCrypt.cpp">
      <Filter>Hap</Filter>
    </ClCompile>
  </ItemGroup>
</Project>