<?xml version="1.0" encoding="utf-8"?>
<Project ToolsVersion="4.0" xmlns="http://schemas.microsoft.com/developer/msbuild/2003">
  <ItemGroup>
    <Filter Include="Hap">
      <UniqueIdentifier>{01938fae-a108-4fda-aa5f-5161f7456ef7}</UniqueIdentifier>
    </Filter>
    <Filter Include="Win">
      <UniqueIdentifier>{b3f190d9-226d-4175-9708-87951c346c22}</UniqueIdentifier>
    </Filter>
  </ItemGroup>
  <ItemGroup>
    <ClInclude Include="..\Hap\Hap.h">
      <Filter>Hap</Filter>
    </ClInclude>
    <ClInclude Include="..\Hap\HapAppleCharacteristics.h">
      <Filter>Hap</Filter>
    </ClInclude>
    <ClInclude Include="..\Hap\HapAppleServices.h">
      <Filter>Hap</Filter>
    </ClInclude>
    <ClInclude Include="..\Hap\HapDb.h">
      <Filter>Hap</Filter>
    </ClInclude>
    <ClInclude Include="..\Hap\HapJson.h">
      <Filter>Hap</Filter>
    </ClInclude>
    <ClInclude Include="..\Hap\jsmn.h">
      <Filter>Hap</Filter>
    </ClInclude>
    <ClInclude Include="..\Hap\HapMdns.h">
      <Filter>Hap</Filter>
    </ClInclude>
    <ClInclude Include="..\Hap\HapTlv.h">
      <Filter>Hap</Filter>
    </ClInclude>
    <ClInclude Include="..\Hap\HapHttp.h">
      <Filter>Hap</Filter>
    </ClInclude>
    <ClInclude Include="..\Hap\picohttpparser.h">
      <Filter>Hap</Filter>
    </ClInclude>
  </ItemGroup>
  <ItemGroup>
    <ClCompile Include="HapTest.cpp" />
    <ClCompile Include="..\Hap\HapDb.cpp">
      <Filter>Hap</Filter>
    </ClCompile>
    <ClCompile Include="..\Hap\jsmn.cpp">
      <Filter>Hap</Filter>
    </ClCompile>
    <ClCompile Include="..\Win\HapMdns.cpp">
      <Filter>Win</Filter>
    </ClCompile>
    <ClCompile Include="..\Hap\picohttpparser.cpp">
      <Filter>Hap</Filter>
    </ClCompile>
    <ClCompile Include="..\Hap\HapHttp.cpp">
      <Filter>Hap</Filter>
    </ClCompile>
  </ItemGroup>
</Project>